
Microsoft Visual Studio Solution File, Format Version 12.00
# Visual Studio Version 16
VisualStudioVersion = 16.0.29911.84
MinimumVisualStudioVersion = 10.0.40219.1
Project("{FAE04EC0-301F-11D3-BF4B-00C04F79EFBC}") = "WindowsFormsApp11", "WindowsFormsApp11.csproj", "{D95CFB68-859D-4BB9-90CD-04DC6E95EF8D}"
EndProject
Global
	GlobalSection(SolutionConfigurationPlatforms) = preSolution
		Debug|Any CPU = Debug|Any CPU
		Release|Any CPU = Release|Any CPU
	EndGlobalSection
	GlobalSection(ProjectConfigurationPlatforms) = postSolution
		{D95CFB68-859D-4BB9-90CD-04DC6E95EF8D}.Debug|Any CPU.ActiveCfg = Debug|Any CPU
		{D95CFB68-859D-4BB9-90CD-04DC6E95EF8D}.Debug|Any CPU.Build.0 = Debug|Any CPU
		{D95CFB68-859D-4BB9-90CD-04DC6E95EF8D}.Release|Any CPU.ActiveCfg = Release|Any CPU
		{D95CFB68-859D-4BB9-90CD-04DC6E95EF8D}.Release|Any CPU.Build.0 = Release|Any CPU
	EndGlobalSection
	GlobalSection(SolutionProperties) = preSolution
		HideSolutionNode = FALSE
	EndGlobalSection
	GlobalSection(ExtensibilityGlobals) = postSolution
		SolutionGuid = {3BF21729-7F3F-4E42-A6FF-124B6DA24B3D}
	EndGlobalSection
EndGlobal
